{
  "object": {
    "pins": [
      {
        "package": "OrderedSet",
        "repositoryURL": "https://github.com/Weebly/OrderedSet",
        "state": {
          "branch": null,
          "revision": "07d99831674bca6bf69967b70ced6cc19ca346ec",
          "version": "5.0.0"
        }
      },
      {
        "package": "XCDYouTubeKit",
        "repositoryURL": "https://github.com/0xced/XCDYouTubeKit",
        "state": {
          "branch": null,
          "revision": "2ee18c1c614e7ab63c76e308f969838f7d6c0a61",
          "version": "2.14.0"
        }
      }
    ]
  },
  "version": 1
}
