{
  "object": {
    "pins": [
      {
        "package": "XCDYouTubeKit",
        "repositoryURL": "https://github.com/0xced/XCDYouTubeKit",
        "state": {
          "branch": null,
          "revision": "21168d0a50601bce698268db78768a01844cb36c",
          "version": "2.8.2"
        }
      }
    ]
  },
  "version": 1
}
