// !$*UTF8*$!
{
	archiveVersion = 1;
	classes = {
	};
	objectVersion = 52;
	objects = {

/* Begin PBXBuildFile section */
		A50547E320C4390400573C11 /* CloudKit.framework in Frameworks */ = {isa = PBXBuildFile; fileRef = A50547E220C4390400573C11 /* CloudKit.framework */; };
		A52AB404229EF6A3002B6848 /* Channel.swift in Sources */ = {isa = PBXBuildFile; fileRef = A52AB403229EF6A3002B6848 /* Channel.swift */; };
		A531814020B6E03400EC9282 /* AppDelegate.swift in Sources */ = {isa = PBXBuildFile; fileRef = A531813F20B6E03400EC9282 /* AppDelegate.swift */; };
		A531814520B6E03400EC9282 /* Main.storyboard in Resources */ = {isa = PBXBuildFile; fileRef = A531814320B6E03400EC9282 /* Main.storyboard */; };
		A531814720B6E03400EC9282 /* Assets.xcassets in Resources */ = {isa = PBXBuildFile; fileRef = A531814620B6E03400EC9282 /* Assets.xcassets */; };
		A531814A20B6E03400EC9282 /* LaunchScreen.storyboard in Resources */ = {isa = PBXBuildFile; fileRef = A531814820B6E03400EC9282 /* LaunchScreen.storyboard */; };
		A531815B20B6E64E00EC9282 /* Invidious.swift in Sources */ = {isa = PBXBuildFile; fileRef = A531815A20B6E64E00EC9282 /* Invidious.swift */; };
		A566BBA222CFAD8F00A020CF /* XCDYouTubeKit in Frameworks */ = {isa = PBXBuildFile; productRef = A566BBA122CFAD8F00A020CF /* XCDYouTubeKit */; };
		A56A9AF724F3CB13005818C0 /* Images.xcassets in Resources */ = {isa = PBXBuildFile; fileRef = A56A9AF624F3CB13005818C0 /* Images.xcassets */; };
		A56A9AF824F3CB4B005818C0 /* SubscriptionsView.swift in Sources */ = {isa = PBXBuildFile; fileRef = A56A9AF424F3CA2B005818C0 /* SubscriptionsView.swift */; };
		A56A9AFA24F3CEAE005818C0 /* ShowView.swift in Sources */ = {isa = PBXBuildFile; fileRef = A56A9AF924F3CEAE005818C0 /* ShowView.swift */; };
		A56A9AFC24F3D6BD005818C0 /* SearchView.swift in Sources */ = {isa = PBXBuildFile; fileRef = A56A9AFB24F3D6BD005818C0 /* SearchView.swift */; };
		A56CA4E520BB310B000C38A4 /* UserData.swift in Sources */ = {isa = PBXBuildFile; fileRef = A56CA4E420BB310B000C38A4 /* UserData.swift */; };
		A587FD1924F3EFE200B8B116 /* ShowsApp.swift in Sources */ = {isa = PBXBuildFile; fileRef = A587FD1824F3EFE200B8B116 /* ShowsApp.swift */; };
		A587FD1C24F41D0300B8B116 /* OrderedSet in Frameworks */ = {isa = PBXBuildFile; productRef = A587FD1B24F41D0300B8B116 /* OrderedSet */; };
		A59E581A229F13FA00CA93EB /* Video.swift in Sources */ = {isa = PBXBuildFile; fileRef = A59E5819229F13FA00CA93EB /* Video.swift */; };
		A5A14F9020B72AED0089FD4C /* Extensions.swift in Sources */ = {isa = PBXBuildFile; fileRef = A5A14F8F20B72AED0089FD4C /* Extensions.swift */; };
		A5F3990A22A4638D00A31931 /* XCDExtensions.swift in Sources */ = {isa = PBXBuildFile; fileRef = A5F3990922A4638D00A31931 /* XCDExtensions.swift */; };
/* End PBXBuildFile section */

/* Begin PBXCopyFilesBuildPhase section */
		A51756F522A2B0FD00FAE01A /* Embed Frameworks */ = {
			isa = PBXCopyFilesBuildPhase;
			buildActionMask = 2147483647;
			dstPath = "";
			dstSubfolderSpec = 10;
			files = (
			);
			name = "Embed Frameworks";
			runOnlyForDeploymentPostprocessing = 0;
		};
/* End PBXCopyFilesBuildPhase section */

/* Begin PBXFileReference section */
		A50161A120B815F90060E96A /* MaskedImageView.swift */ = {isa = PBXFileReference; lastKnownFileType = sourcecode.swift; path = MaskedImageView.swift; sourceTree = "<group>"; };
		A50547E220C4390400573C11 /* CloudKit.framework */ = {isa = PBXFileReference; lastKnownFileType = wrapper.framework; name = CloudKit.framework; path = System/Library/Frameworks/CloudKit.framework; sourceTree = SDKROOT; };
		A508CD7420BABEF80053A261 /* Shows.entitlements */ = {isa = PBXFileReference; lastKnownFileType = text.plist.entitlements; path = Shows.entitlements; sourceTree = "<group>"; };
		A51F1A5920C2A8FF00D3284C /* SearchController.swift */ = {isa = PBXFileReference; lastKnownFileType = sourcecode.swift; path = SearchController.swift; sourceTree = "<group>"; };
		A52AB403229EF6A3002B6848 /* Channel.swift */ = {isa = PBXFileReference; lastKnownFileType = sourcecode.swift; path = Channel.swift; sourceTree = "<group>"; };
		A52C40FC20B822560017D7AA /* VideoCell.swift */ = {isa = PBXFileReference; lastKnownFileType = sourcecode.swift; path = VideoCell.swift; sourceTree = "<group>"; };
		A52C40FE20B823430017D7AA /* ShowController.swift */ = {isa = PBXFileReference; lastKnownFileType = sourcecode.swift; path = ShowController.swift; sourceTree = "<group>"; };
		A531813C20B6E03400EC9282 /* Shows.app */ = {isa = PBXFileReference; explicitFileType = wrapper.application; includeInIndex = 0; path = Shows.app; sourceTree = BUILT_PRODUCTS_DIR; };
		A531813F20B6E03400EC9282 /* AppDelegate.swift */ = {isa = PBXFileReference; lastKnownFileType = sourcecode.swift; path = AppDelegate.swift; sourceTree = "<group>"; };
		A531814120B6E03400EC9282 /* SubscriptionsController.swift */ = {isa = PBXFileReference; lastKnownFileType = sourcecode.swift; path = SubscriptionsController.swift; sourceTree = "<group>"; };
		A531814420B6E03400EC9282 /* Base */ = {isa = PBXFileReference; lastKnownFileType = file.storyboard; name = Base; path = Base.lproj/Main.storyboard; sourceTree = "<group>"; };
		A531814620B6E03400EC9282 /* Assets.xcassets */ = {isa = PBXFileReference; lastKnownFileType = folder.assetcatalog; path = Assets.xcassets; sourceTree = "<group>"; };
		A531814920B6E03400EC9282 /* Base */ = {isa = PBXFileReference; lastKnownFileType = file.storyboard; name = Base; path = Base.lproj/LaunchScreen.storyboard; sourceTree = "<group>"; };
		A531814B20B6E03400EC9282 /* Info.plist */ = {isa = PBXFileReference; lastKnownFileType = text.plist.xml; path = Info.plist; sourceTree = "<group>"; };
		A531815A20B6E64E00EC9282 /* Invidious.swift */ = {isa = PBXFileReference; lastKnownFileType = sourcecode.swift; path = Invidious.swift; sourceTree = "<group>"; };
		A56A9AF424F3CA2B005818C0 /* SubscriptionsView.swift */ = {isa = PBXFileReference; lastKnownFileType = sourcecode.swift; path = SubscriptionsView.swift; sourceTree = "<group>"; };
		A56A9AF624F3CB13005818C0 /* Images.xcassets */ = {isa = PBXFileReference; lastKnownFileType = folder.assetcatalog; path = Images.xcassets; sourceTree = "<group>"; };
		A56A9AF924F3CEAE005818C0 /* ShowView.swift */ = {isa = PBXFileReference; lastKnownFileType = sourcecode.swift; path = ShowView.swift; sourceTree = "<group>"; };
		A56A9AFB24F3D6BD005818C0 /* SearchView.swift */ = {isa = PBXFileReference; lastKnownFileType = sourcecode.swift; path = SearchView.swift; sourceTree = "<group>"; };
		A56CA4E420BB310B000C38A4 /* UserData.swift */ = {isa = PBXFileReference; lastKnownFileType = sourcecode.swift; path = UserData.swift; sourceTree = "<group>"; };
		A587FD1824F3EFE200B8B116 /* ShowsApp.swift */ = {isa = PBXFileReference; lastKnownFileType = sourcecode.swift; path = ShowsApp.swift; sourceTree = "<group>"; };
		A59D5F6120C2C54800657998 /* SearchResultCell.swift */ = {isa = PBXFileReference; lastKnownFileType = sourcecode.swift; path = SearchResultCell.swift; sourceTree = "<group>"; };
		A59E5819229F13FA00CA93EB /* Video.swift */ = {isa = PBXFileReference; lastKnownFileType = sourcecode.swift; path = Video.swift; sourceTree = "<group>"; };
		A5A14F8F20B72AED0089FD4C /* Extensions.swift */ = {isa = PBXFileReference; lastKnownFileType = sourcecode.swift; path = Extensions.swift; sourceTree = "<group>"; };
		A5A14F9120B72D350089FD4C /* ShowCell.swift */ = {isa = PBXFileReference; lastKnownFileType = sourcecode.swift; path = ShowCell.swift; sourceTree = "<group>"; };
		A5F3990922A4638D00A31931 /* XCDExtensions.swift */ = {isa = PBXFileReference; lastKnownFileType = sourcecode.swift; path = XCDExtensions.swift; sourceTree = "<group>"; };
/* End PBXFileReference section */

/* Begin PBXFrameworksBuildPhase section */
		A531813920B6E03400EC9282 /* Frameworks */ = {
			isa = PBXFrameworksBuildPhase;
			buildActionMask = 2147483647;
			files = (
				A50547E320C4390400573C11 /* CloudKit.framework in Frameworks */,
				A566BBA222CFAD8F00A020CF /* XCDYouTubeKit in Frameworks */,
				A587FD1C24F41D0300B8B116 /* OrderedSet in Frameworks */,
			);
			runOnlyForDeploymentPostprocessing = 0;
		};
/* End PBXFrameworksBuildPhase section */

/* Begin PBXGroup section */
		A50547E120C4390400573C11 /* Frameworks */ = {
			isa = PBXGroup;
			children = (
				A50547E220C4390400573C11 /* CloudKit.framework */,
			);
			name = Frameworks;
			sourceTree = "<group>";
		};
		A531813320B6E03400EC9282 = {
			isa = PBXGroup;
			children = (
				A531813E20B6E03400EC9282 /* Source */,
				A531815120B6E06500EC9282 /* Resources */,
				A56A9AEE24F3C8C4005818C0 /* Previews */,
				A531813D20B6E03400EC9282 /* Products */,
				A50547E120C4390400573C11 /* Frameworks */,
			);
			sourceTree = "<group>";
		};
		A531813D20B6E03400EC9282 /* Products */ = {
			isa = PBXGroup;
			children = (
				A531813C20B6E03400EC9282 /* Shows.app */,
			);
			name = Products;
			sourceTree = "<group>";
		};
		A531813E20B6E03400EC9282 /* Source */ = {
			isa = PBXGroup;
			children = (
				A531813F20B6E03400EC9282 /* AppDelegate.swift */,
				A5A14F8F20B72AED0089FD4C /* Extensions.swift */,
				A531815220B6E07800EC9282 /* Controllers */,
				A531815520B6E0A900EC9282 /* Models */,
				A5A14F9320B72D3E0089FD4C /* Views */,
				A56A9AF324F3CA04005818C0 /* SwiftUI */,
			);
			path = Source;
			sourceTree = "<group>";
		};
		A531815120B6E06500EC9282 /* Resources */ = {
			isa = PBXGroup;
			children = (
				A531814320B6E03400EC9282 /* Main.storyboard */,
				A531814620B6E03400EC9282 /* Assets.xcassets */,
				A531814820B6E03400EC9282 /* LaunchScreen.storyboard */,
				A531814B20B6E03400EC9282 /* Info.plist */,
				A508CD7420BABEF80053A261 /* Shows.entitlements */,
			);
			path = Resources;
			sourceTree = "<group>";
		};
		A531815220B6E07800EC9282 /* Controllers */ = {
			isa = PBXGroup;
			children = (
				A531814120B6E03400EC9282 /* SubscriptionsController.swift */,
				A52C40FE20B823430017D7AA /* ShowController.swift */,
				A51F1A5920C2A8FF00D3284C /* SearchController.swift */,
			);
			path = Controllers;
			sourceTree = "<group>";
		};
		A531815520B6E0A900EC9282 /* Models */ = {
			isa = PBXGroup;
			children = (
				A531815A20B6E64E00EC9282 /* Invidious.swift */,
				A52AB403229EF6A3002B6848 /* Channel.swift */,
				A59E5819229F13FA00CA93EB /* Video.swift */,
				A56CA4E420BB310B000C38A4 /* UserData.swift */,
				A5F3990922A4638D00A31931 /* XCDExtensions.swift */,
			);
			path = Models;
			sourceTree = "<group>";
		};
		A56A9AEE24F3C8C4005818C0 /* Previews */ = {
			isa = PBXGroup;
			children = (
				A56A9AF624F3CB13005818C0 /* Images.xcassets */,
			);
			path = Previews;
			sourceTree = "<group>";
		};
		A56A9AF324F3CA04005818C0 /* SwiftUI */ = {
			isa = PBXGroup;
			children = (
				A587FD1824F3EFE200B8B116 /* ShowsApp.swift */,
				A56A9AF424F3CA2B005818C0 /* SubscriptionsView.swift */,
				A56A9AF924F3CEAE005818C0 /* ShowView.swift */,
				A56A9AFB24F3D6BD005818C0 /* SearchView.swift */,
			);
			path = SwiftUI;
			sourceTree = "<group>";
		};
		A5A14F9320B72D3E0089FD4C /* Views */ = {
			isa = PBXGroup;
			children = (
				A5A14F9120B72D350089FD4C /* ShowCell.swift */,
				A52C40FC20B822560017D7AA /* VideoCell.swift */,
				A59D5F6120C2C54800657998 /* SearchResultCell.swift */,
				A50161A120B815F90060E96A /* MaskedImageView.swift */,
			);
			path = Views;
			sourceTree = "<group>";
		};
/* End PBXGroup section */

/* Begin PBXNativeTarget section */
		A531813B20B6E03400EC9282 /* Shows */ = {
			isa = PBXNativeTarget;
			buildConfigurationList = A531814E20B6E03400EC9282 /* Build configuration list for PBXNativeTarget "Shows" */;
			buildPhases = (
				A531813820B6E03400EC9282 /* Sources */,
				A531813920B6E03400EC9282 /* Frameworks */,
				A531813A20B6E03400EC9282 /* Resources */,
				A51756F522A2B0FD00FAE01A /* Embed Frameworks */,
			);
			buildRules = (
			);
			dependencies = (
			);
			name = Shows;
			packageProductDependencies = (
				A566BBA122CFAD8F00A020CF /* XCDYouTubeKit */,
				A587FD1B24F41D0300B8B116 /* OrderedSet */,
			);
			productName = Shows;
			productReference = A531813C20B6E03400EC9282 /* Shows.app */;
			productType = "com.apple.product-type.application";
		};
/* End PBXNativeTarget section */

/* Begin PBXProject section */
		A531813420B6E03400EC9282 /* Project object */ = {
			isa = PBXProject;
			attributes = {
				LastSwiftUpdateCheck = 0920;
				LastUpgradeCheck = 1200;
				ORGANIZATIONNAME = pixlwave;
				TargetAttributes = {
					A531813B20B6E03400EC9282 = {
						CreatedOnToolsVersion = 9.2;
						LastSwiftMigration = 1020;
						ProvisioningStyle = Automatic;
						SystemCapabilities = {
							com.apple.BackgroundModes = {
								enabled = 1;
							};
							com.apple.Push = {
								enabled = 1;
							};
							com.apple.iCloud = {
								enabled = 1;
							};
						};
					};
				};
			};
			buildConfigurationList = A531813720B6E03400EC9282 /* Build configuration list for PBXProject "Shows" */;
			compatibilityVersion = "Xcode 8.0";
			developmentRegion = en;
			hasScannedForEncodings = 0;
			knownRegions = (
				en,
				Base,
			);
			mainGroup = A531813320B6E03400EC9282;
			packageReferences = (
				A566BBA022CFAD8F00A020CF /* XCRemoteSwiftPackageReference "XCDYouTubeKit" */,
				A587FD1A24F41D0300B8B116 /* XCRemoteSwiftPackageReference "OrderedSet" */,
			);
			productRefGroup = A531813D20B6E03400EC9282 /* Products */;
			projectDirPath = "";
			projectRoot = "";
			targets = (
				A531813B20B6E03400EC9282 /* Shows */,
			);
		};
/* End PBXProject section */

/* Begin PBXResourcesBuildPhase section */
		A531813A20B6E03400EC9282 /* Resources */ = {
			isa = PBXResourcesBuildPhase;
			buildActionMask = 2147483647;
			files = (
				A531814A20B6E03400EC9282 /* LaunchScreen.storyboard in Resources */,
				A531814720B6E03400EC9282 /* Assets.xcassets in Resources */,
				A56A9AF724F3CB13005818C0 /* Images.xcassets in Resources */,
				A531814520B6E03400EC9282 /* Main.storyboard in Resources */,
			);
			runOnlyForDeploymentPostprocessing = 0;
		};
/* End PBXResourcesBuildPhase section */

/* Begin PBXSourcesBuildPhase section */
		A531813820B6E03400EC9282 /* Sources */ = {
			isa = PBXSourcesBuildPhase;
			buildActionMask = 2147483647;
			files = (
				A52AB404229EF6A3002B6848 /* Channel.swift in Sources */,
				A56A9AF824F3CB4B005818C0 /* SubscriptionsView.swift in Sources */,
				A56A9AFA24F3CEAE005818C0 /* ShowView.swift in Sources */,
				A531815B20B6E64E00EC9282 /* Invidious.swift in Sources */,
				A56A9AFC24F3D6BD005818C0 /* SearchView.swift in Sources */,
				A59E581A229F13FA00CA93EB /* Video.swift in Sources */,
				A56CA4E520BB310B000C38A4 /* UserData.swift in Sources */,
				A5A14F9020B72AED0089FD4C /* Extensions.swift in Sources */,
				A5F3990A22A4638D00A31931 /* XCDExtensions.swift in Sources */,
				A587FD1924F3EFE200B8B116 /* ShowsApp.swift in Sources */,
				A531814020B6E03400EC9282 /* AppDelegate.swift in Sources */,
			);
			runOnlyForDeploymentPostprocessing = 0;
		};
/* End PBXSourcesBuildPhase section */

/* Begin PBXVariantGroup section */
		A531814320B6E03400EC9282 /* Main.storyboard */ = {
			isa = PBXVariantGroup;
			children = (
				A531814420B6E03400EC9282 /* Base */,
			);
			name = Main.storyboard;
			sourceTree = "<group>";
		};
		A531814820B6E03400EC9282 /* LaunchScreen.storyboard */ = {
			isa = PBXVariantGroup;
			children = (
				A531814920B6E03400EC9282 /* Base */,
			);
			name = LaunchScreen.storyboard;
			sourceTree = "<group>";
		};
/* End PBXVariantGroup section */

/* Begin XCBuildConfiguration section */
		A531814C20B6E03400EC9282 /* Debug */ = {
			isa = XCBuildConfiguration;
			buildSettings = {
				ALWAYS_SEARCH_USER_PATHS = NO;
				CLANG_ANALYZER_NONNULL = YES;
				CLANG_ANALYZER_NUMBER_OBJECT_CONVERSION = YES_AGGRESSIVE;
				CLANG_CXX_LANGUAGE_STANDARD = "gnu++14";
				CLANG_CXX_LIBRARY = "libc++";
				CLANG_ENABLE_MODULES = YES;
				CLANG_ENABLE_OBJC_ARC = YES;
				CLANG_WARN_BLOCK_CAPTURE_AUTORELEASING = YES;
				CLANG_WARN_BOOL_CONVERSION = YES;
				CLANG_WARN_COMMA = YES;
				CLANG_WARN_CONSTANT_CONVERSION = YES;
				CLANG_WARN_DEPRECATED_OBJC_IMPLEMENTATIONS = YES;
				CLANG_WARN_DIRECT_OBJC_ISA_USAGE = YES_ERROR;
				CLANG_WARN_DOCUMENTATION_COMMENTS = YES;
				CLANG_WARN_EMPTY_BODY = YES;
				CLANG_WARN_ENUM_CONVERSION = YES;
				CLANG_WARN_INFINITE_RECURSION = YES;
				CLANG_WARN_INT_CONVERSION = YES;
				CLANG_WARN_NON_LITERAL_NULL_CONVERSION = YES;
				CLANG_WARN_OBJC_IMPLICIT_RETAIN_SELF = YES;
				CLANG_WARN_OBJC_LITERAL_CONVERSION = YES;
				CLANG_WARN_OBJC_ROOT_CLASS = YES_ERROR;
				CLANG_WARN_QUOTED_INCLUDE_IN_FRAMEWORK_HEADER = YES;
				CLANG_WARN_RANGE_LOOP_ANALYSIS = YES;
				CLANG_WARN_STRICT_PROTOTYPES = YES;
				CLANG_WARN_SUSPICIOUS_MOVE = YES;
				CLANG_WARN_UNGUARDED_AVAILABILITY = YES_AGGRESSIVE;
				CLANG_WARN_UNREACHABLE_CODE = YES;
				CLANG_WARN__DUPLICATE_METHOD_MATCH = YES;
				CODE_SIGN_IDENTITY = "iPhone Developer";
				COPY_PHASE_STRIP = NO;
				DEBUG_INFORMATION_FORMAT = dwarf;
				ENABLE_STRICT_OBJC_MSGSEND = YES;
				ENABLE_TESTABILITY = YES;
				GCC_C_LANGUAGE_STANDARD = gnu11;
				GCC_DYNAMIC_NO_PIC = NO;
				GCC_NO_COMMON_BLOCKS = YES;
				GCC_OPTIMIZATION_LEVEL = 0;
				GCC_PREPROCESSOR_DEFINITIONS = (
					"DEBUG=1",
					"$(inherited)",
				);
				GCC_WARN_64_TO_32_BIT_CONVERSION = YES;
				GCC_WARN_ABOUT_RETURN_TYPE = YES_ERROR;
				GCC_WARN_UNDECLARED_SELECTOR = YES;
				GCC_WARN_UNINITIALIZED_AUTOS = YES_AGGRESSIVE;
				GCC_WARN_UNUSED_FUNCTION = YES;
				GCC_WARN_UNUSED_VARIABLE = YES;
				IPHONEOS_DEPLOYMENT_TARGET = 12.0;
				MTL_ENABLE_DEBUG_INFO = YES;
				ONLY_ACTIVE_ARCH = YES;
				SDKROOT = iphoneos;
				SWIFT_ACTIVE_COMPILATION_CONDITIONS = DEBUG;
				SWIFT_OPTIMIZATION_LEVEL = "-Onone";
			};
			name = Debug;
		};
		A531814D20B6E03400EC9282 /* Release */ = {
			isa = XCBuildConfiguration;
			buildSettings = {
				ALWAYS_SEARCH_USER_PATHS = NO;
				CLANG_ANALYZER_NONNULL = YES;
				CLANG_ANALYZER_NUMBER_OBJECT_CONVERSION = YES_AGGRESSIVE;
				CLANG_CXX_LANGUAGE_STANDARD = "gnu++14";
				CLANG_CXX_LIBRARY = "libc++";
				CLANG_ENABLE_MODULES = YES;
				CLANG_ENABLE_OBJC_ARC = YES;
				CLANG_WARN_BLOCK_CAPTURE_AUTORELEASING = YES;
				CLANG_WARN_BOOL_CONVERSION = YES;
				CLANG_WARN_COMMA = YES;
				CLANG_WARN_CONSTANT_CONVERSION = YES;
				CLANG_WARN_DEPRECATED_OBJC_IMPLEMENTATIONS = YES;
				CLANG_WARN_DIRECT_OBJC_ISA_USAGE = YES_ERROR;
				CLANG_WARN_DOCUMENTATION_COMMENTS = YES;
				CLANG_WARN_EMPTY_BODY = YES;
				CLANG_WARN_ENUM_CONVERSION = YES;
				CLANG_WARN_INFINITE_RECURSION = YES;
				CLANG_WARN_INT_CONVERSION = YES;
				CLANG_WARN_NON_LITERAL_NULL_CONVERSION = YES;
				CLANG_WARN_OBJC_IMPLICIT_RETAIN_SELF = YES;
				CLANG_WARN_OBJC_LITERAL_CONVERSION = YES;
				CLANG_WARN_OBJC_ROOT_CLASS = YES_ERROR;
				CLANG_WARN_QUOTED_INCLUDE_IN_FRAMEWORK_HEADER = YES;
				CLANG_WARN_RANGE_LOOP_ANALYSIS = YES;
				CLANG_WARN_STRICT_PROTOTYPES = YES;
				CLANG_WARN_SUSPICIOUS_MOVE = YES;
				CLANG_WARN_UNGUARDED_AVAILABILITY = YES_AGGRESSIVE;
				CLANG_WARN_UNREACHABLE_CODE = YES;
				CLANG_WARN__DUPLICATE_METHOD_MATCH = YES;
				CODE_SIGN_IDENTITY = "iPhone Developer";
				COPY_PHASE_STRIP = NO;
				DEBUG_INFORMATION_FORMAT = "dwarf-with-dsym";
				ENABLE_NS_ASSERTIONS = NO;
				ENABLE_STRICT_OBJC_MSGSEND = YES;
				GCC_C_LANGUAGE_STANDARD = gnu11;
				GCC_NO_COMMON_BLOCKS = YES;
				GCC_WARN_64_TO_32_BIT_CONVERSION = YES;
				GCC_WARN_ABOUT_RETURN_TYPE = YES_ERROR;
				GCC_WARN_UNDECLARED_SELECTOR = YES;
				GCC_WARN_UNINITIALIZED_AUTOS = YES_AGGRESSIVE;
				GCC_WARN_UNUSED_FUNCTION = YES;
				GCC_WARN_UNUSED_VARIABLE = YES;
				IPHONEOS_DEPLOYMENT_TARGET = 12.0;
				MTL_ENABLE_DEBUG_INFO = NO;
				SDKROOT = iphoneos;
				SWIFT_COMPILATION_MODE = wholemodule;
				SWIFT_OPTIMIZATION_LEVEL = "-O";
				VALIDATE_PRODUCT = YES;
			};
			name = Release;
		};
		A531814F20B6E03400EC9282 /* Debug */ = {
			isa = XCBuildConfiguration;
			buildSettings = {
				ASSETCATALOG_COMPILER_APPICON_NAME = AppIcon;
				CODE_SIGN_ENTITLEMENTS = Resources/Shows.entitlements;
				CODE_SIGN_STYLE = Automatic;
				DEVELOPMENT_ASSET_PATHS = Previews;
				DEVELOPMENT_TEAM = NU8A5Y875P;
				INFOPLIST_FILE = Resources/Info.plist;
				IPHONEOS_DEPLOYMENT_TARGET = 14.0;
				LD_RUNPATH_SEARCH_PATHS = (
					"$(inherited)",
					"@executable_path/Frameworks",
				);
				PRODUCT_BUNDLE_IDENTIFIER = uk.pixlwave.Shows;
				PRODUCT_NAME = "$(TARGET_NAME)";
				SUPPORTS_MACCATALYST = YES;
				SWIFT_COMPILATION_MODE = wholemodule;
				SWIFT_VERSION = 5.0;
				TARGETED_DEVICE_FAMILY = "1,2";
			};
			name = Debug;
		};
		A531815020B6E03400EC9282 /* Release */ = {
			isa = XCBuildConfiguration;
			buildSettings = {
				ASSETCATALOG_COMPILER_APPICON_NAME = AppIcon;
				CODE_SIGN_ENTITLEMENTS = Resources/Shows.entitlements;
				CODE_SIGN_STYLE = Automatic;
				DEVELOPMENT_ASSET_PATHS = Previews;
				DEVELOPMENT_TEAM = NU8A5Y875P;
				INFOPLIST_FILE = Resources/Info.plist;
				IPHONEOS_DEPLOYMENT_TARGET = 14.0;
				LD_RUNPATH_SEARCH_PATHS = (
					"$(inherited)",
					"@executable_path/Frameworks",
				);
				PRODUCT_BUNDLE_IDENTIFIER = uk.pixlwave.Shows;
				PRODUCT_NAME = "$(TARGET_NAME)";
				SUPPORTS_MACCATALYST = YES;
				SWIFT_VERSION = 5.0;
				TARGETED_DEVICE_FAMILY = "1,2";
			};
			name = Release;
		};
/* End XCBuildConfiguration section */

/* Begin XCConfigurationList section */
		A531813720B6E03400EC9282 /* Build configuration list for PBXProject "Shows" */ = {
			isa = XCConfigurationList;
			buildConfigurations = (
				A531814C20B6E03400EC9282 /* Debug */,
				A531814D20B6E03400EC9282 /* Release */,
			);
			defaultConfigurationIsVisible = 0;
			defaultConfigurationName = Release;
		};
		A531814E20B6E03400EC9282 /* Build configuration list for PBXNativeTarget "Shows" */ = {
			isa = XCConfigurationList;
			buildConfigurations = (
				A531814F20B6E03400EC9282 /* Debug */,
				A531815020B6E03400EC9282 /* Release */,
			);
			defaultConfigurationIsVisible = 0;
			defaultConfigurationName = Release;
		};
/* End XCConfigurationList section */

/* Begin XCRemoteSwiftPackageReference section */
		A566BBA022CFAD8F00A020CF /* XCRemoteSwiftPackageReference "XCDYouTubeKit" */ = {
			isa = XCRemoteSwiftPackageReference;
			repositoryURL = "https://github.com/0xced/XCDYouTubeKit";
			requirement = {
				kind = upToNextMajorVersion;
				minimumVersion = 2.8.2;
			};
		};
		A587FD1A24F41D0300B8B116 /* XCRemoteSwiftPackageReference "OrderedSet" */ = {
			isa = XCRemoteSwiftPackageReference;
			repositoryURL = "https://github.com/Weebly/OrderedSet";
			requirement = {
				kind = upToNextMajorVersion;
				minimumVersion = 5.0.0;
			};
		};
/* End XCRemoteSwiftPackageReference section */

/* Begin XCSwiftPackageProductDependency section */
		A566BBA122CFAD8F00A020CF /* XCDYouTubeKit */ = {
			isa = XCSwiftPackageProductDependency;
			package = A566BBA022CFAD8F00A020CF /* XCRemoteSwiftPackageReference "XCDYouTubeKit" */;
			productName = XCDYouTubeKit;
		};
		A587FD1B24F41D0300B8B116 /* OrderedSet */ = {
			isa = XCSwiftPackageProductDependency;
			package = A587FD1A24F41D0300B8B116 /* XCRemoteSwiftPackageReference "OrderedSet" */;
			productName = OrderedSet;
		};
/* End XCSwiftPackageProductDependency section */
	};
	rootObject = A531813420B6E03400EC9282 /* Project object */;
}
